
Microsoft Visual Studio Solution File, Format Version 12.00
# Visual Studio Version 16
VisualStudioVersion = 16.0.31019.35
MinimumVisualStudioVersion = 10.0.40219.1
Project("{FAE04EC0-301F-11D3-BF4B-00C04F79EFBC}") = "MDbM", "MDbM.csproj", "{942C627E-22F7-402D-8DFF-C0716FFEE980}"
EndProject
Global
	GlobalSection(SolutionConfigurationPlatforms) = preSolution
		Debug|Any CPU = Debug|Any CPU
		Release|Any CPU = Release|Any CPU
	EndGlobalSection
	GlobalSection(ProjectConfigurationPlatforms) = postSolution
		{942C627E-22F7-402D-8DFF-C0716FFEE980}.Debug|Any CPU.ActiveCfg = Debug|Any CPU
		{942C627E-22F7-402D-8DFF-C0716FFEE980}.Debug|Any CPU.Build.0 = Debug|Any CPU
		{942C627E-22F7-402D-8DFF-C0716FFEE980}.Release|Any CPU.ActiveCfg = Release|Any CPU
		{942C627E-22F7-402D-8DFF-C0716FFEE980}.Release|Any CPU.Build.0 = Release|Any CPU
	EndGlobalSection
	GlobalSection(SolutionProperties) = preSolution
		HideSolutionNode = FALSE
	EndGlobalSection
	GlobalSection(ExtensibilityGlobals) = postSolution
		SolutionGuid = {CE9EF358-AFFA-4CFB-9359-A42A21855BFE}
	EndGlobalSection
EndGlobal
